// !$*UTF8*$!
{
	archiveVersion = 1;
	classes = {
	};
	objectVersion = 55;
	objects = {

/* Begin PBXBuildFile section */
		4DBC0D4F27AFEA8900E3FF96 /* AppDelegate.swift in Sources */ = {isa = PBXBuildFile; fileRef = 4DBC0D4E27AFEA8900E3FF96 /* AppDelegate.swift */; };
		4DBC0D5127AFEA8900E3FF96 /* SceneDelegate.swift in Sources */ = {isa = PBXBuildFile; fileRef = 4DBC0D5027AFEA8900E3FF96 /* SceneDelegate.swift */; };
		4DBC0D5327AFEA8900E3FF96 /* ViewController.swift in Sources */ = {isa = PBXBuildFile; fileRef = 4DBC0D5227AFEA8900E3FF96 /* ViewController.swift */; };
		4DBC0D5627AFEA8900E3FF96 /* Main.storyboard in Resources */ = {isa = PBXBuildFile; fileRef = 4DBC0D5427AFEA8900E3FF96 /* Main.storyboard */; };
		4DBC0D5827AFEA8B00E3FF96 /* Assets.xcassets in Resources */ = {isa = PBXBuildFile; fileRef = 4DBC0D5727AFEA8B00E3FF96 /* Assets.xcassets */; };
		4DBC0D5B27AFEA8B00E3FF96 /* LaunchScreen.storyboard in Resources */ = {isa = PBXBuildFile; fileRef = 4DBC0D5927AFEA8B00E3FF96 /* LaunchScreen.storyboard */; };
		4DBC0D6627AFEA8B00E3FF96 /* AtsTestTests.swift in Sources */ = {isa = PBXBuildFile; fileRef = 4DBC0D6527AFEA8B00E3FF96 /* AtsTestTests.swift */; };
		4DBC0D7027AFEA8B00E3FF96 /* AtsTestUITests.swift in Sources */ = {isa = PBXBuildFile; fileRef = 4DBC0D6F27AFEA8B00E3FF96 /* AtsTestUITests.swift */; };
		4DBC0D7227AFEA8B00E3FF96 /* AtsTestUITestsLaunchTests.swift in Sources */ = {isa = PBXBuildFile; fileRef = 4DBC0D7127AFEA8B00E3FF96 /* AtsTestUITestsLaunchTests.swift */; };
/* End PBXBuildFile section */

/* Begin PBXContainerItemProxy section */
		4DBC0D6227AFEA8B00E3FF96 /* PBXContainerItemProxy */ = {
			isa = PBXContainerItemProxy;
			containerPortal = 4DBC0D4327AFEA8900E3FF96 /* Project object */;
			proxyType = 1;
			remoteGlobalIDString = 4DBC0D4A27AFEA8900E3FF96;
			remoteInfo = AtsTest;
		};
		4DBC0D6C27AFEA8B00E3FF96 /* PBXContainerItemProxy */ = {
			isa = PBXContainerItemProxy;
			containerPortal = 4DBC0D4327AFEA8900E3FF96 /* Project object */;
			proxyType = 1;
			remoteGlobalIDString = 4DBC0D4A27AFEA8900E3FF96;
			remoteInfo = AtsTest;
		};
/* End PBXContainerItemProxy section */

/* Begin PBXFileReference section */
		4DBC0D4B27AFEA8900E3FF96 /* AtsTest.app */ = {isa = PBXFileReference; explicitFileType = wrapper.application; includeInIndex = 0; path = AtsTest.app; sourceTree = BUILT_PRODUCTS_DIR; };
		4DBC0D4E27AFEA8900E3FF96 /* AppDelegate.swift */ = {isa = PBXFileReference; lastKnownFileType = sourcecode.swift; path = AppDelegate.swift; sourceTree = "<group>"; };
		4DBC0D5027AFEA8900E3FF96 /* SceneDelegate.swift */ = {isa = PBXFileReference; lastKnownFileType = sourcecode.swift; path = SceneDelegate.swift; sourceTree = "<group>"; };
		4DBC0D5227AFEA8900E3FF96 /* ViewController.swift */ = {isa = PBXFileReference; lastKnownFileType = sourcecode.swift; path = ViewController.swift; sourceTree = "<group>"; };
		4DBC0D5527AFEA8900E3FF96 /* Base */ = {isa = PBXFileReference; lastKnownFileType = file.storyboard; name = Base; path = Base.lproj/Main.storyboard; sourceTree = "<group>"; };
		4DBC0D5727AFEA8B00E3FF96 /* Assets.xcassets */ = {isa = PBXFileReference; lastKnownFileType = folder.assetcatalog; path = Assets.xcassets; sourceTree = "<group>"; };
		4DBC0D5A27AFEA8B00E3FF96 /* Base */ = {isa = PBXFileReference; lastKnownFileType = file.storyboard; name = Base; path = Base.lproj/LaunchScreen.storyboard; sourceTree = "<group>"; };
		4DBC0D5C27AFEA8B00E3FF96 /* Info.plist */ = {isa = PBXFileReference; lastKnownFileType = text.plist.xml; path = Info.plist; sourceTree = "<group>"; };
		4DBC0D6127AFEA8B00E3FF96 /* AtsTestTests.xctest */ = {isa = PBXFileReference; explicitFileType = wrapper.cfbundle; includeInIndex = 0; path = AtsTestTests.xctest; sourceTree = BUILT_PRODUCTS_DIR; };
		4DBC0D6527AFEA8B00E3FF96 /* AtsTestTests.swift */ = {isa = PBXFileReference; lastKnownFileType = sourcecode.swift; path = AtsTestTests.swift; sourceTree = "<group>"; };
		4DBC0D6B27AFEA8B00E3FF96 /* AtsTestUITests.xctest */ = {isa = PBXFileReference; explicitFileType = wrapper.cfbundle; includeInIndex = 0; path = AtsTestUITests.xctest; sourceTree = BUILT_PRODUCTS_DIR; };
		4DBC0D6F27AFEA8B00E3FF96 /* AtsTestUITests.swift */ = {isa = PBXFileReference; lastKnownFileType = sourcecode.swift; path = AtsTestUITests.swift; sourceTree = "<group>"; };
		4DBC0D7127AFEA8B00E3FF96 /* AtsTestUITestsLaunchTests.swift */ = {isa = PBXFileReference; lastKnownFileType = sourcecode.swift; path = AtsTestUITestsLaunchTests.swift; sourceTree = "<group>"; };
/* End PBXFileReference section */

/* Begin PBXFrameworksBuildPhase section */
		4DBC0D4827AFEA8900E3FF96 /* Frameworks */ = {
			isa = PBXFrameworksBuildPhase;
			buildActionMask = 2147483647;
			files = (
			);
			runOnlyForDeploymentPostprocessing = 0;
		};
		4DBC0D5E27AFEA8B00E3FF96 /* Frameworks */ = {
			isa = PBXFrameworksBuildPhase;
			buildActionMask = 2147483647;
			files = (
			);
			runOnlyForDeploymentPostprocessing = 0;
		};
		4DBC0D6827AFEA8B00E3FF96 /* Frameworks */ = {
			isa = PBXFrameworksBuildPhase;
			buildActionMask = 2147483647;
			files = (
			);
			runOnlyForDeploymentPostprocessing = 0;
		};
/* End PBXFrameworksBuildPhase section */

/* Begin PBXGroup section */
		4DBC0D4227AFEA8900E3FF96 = {
			isa = PBXGroup;
			children = (
				4DBC0D4D27AFEA8900E3FF96 /* AtsTest */,
				4DBC0D6427AFEA8B00E3FF96 /* AtsTestTests */,
				4DBC0D6E27AFEA8B00E3FF96 /* AtsTestUITests */,
				4DBC0D4C27AFEA8900E3FF96 /* Products */,
			);
			sourceTree = "<group>";
		};
		4DBC0D4C27AFEA8900E3FF96 /* Products */ = {
			isa = PBXGroup;
			children = (
				4DBC0D4B27AFEA8900E3FF96 /* AtsTest.app */,
				4DBC0D6127AFEA8B00E3FF96 /* AtsTestTests.xctest */,
				4DBC0D6B27AFEA8B00E3FF96 /* AtsTestUITests.xctest */,
			);
			name = Products;
			sourceTree = "<group>";
		};
		4DBC0D4D27AFEA8900E3FF96 /* AtsTest */ = {
			isa = PBXGroup;
			children = (
				4DBC0D4E27AFEA8900E3FF96 /* AppDelegate.swift */,
				4DBC0D5027AFEA8900E3FF96 /* SceneDelegate.swift */,
				4DBC0D5227AFEA8900E3FF96 /* ViewController.swift */,
				4DBC0D5427AFEA8900E3FF96 /* Main.storyboard */,
				4DBC0D5727AFEA8B00E3FF96 /* Assets.xcassets */,
				4DBC0D5927AFEA8B00E3FF96 /* LaunchScreen.storyboard */,
				4DBC0D5C27AFEA8B00E3FF96 /* Info.plist */,
			);
			path = AtsTest;
			sourceTree = "<group>";
		};
		4DBC0D6427AFEA8B00E3FF96 /* AtsTestTests */ = {
			isa = PBXGroup;
			children = (
				4DBC0D6527AFEA8B00E3FF96 /* AtsTestTests.swift */,
			);
			path = AtsTestTests;
			sourceTree = "<group>";
		};
		4DBC0D6E27AFEA8B00E3FF96 /* AtsTestUITests */ = {
			isa = PBXGroup;
			children = (
				4DBC0D6F27AFEA8B00E3FF96 /* AtsTestUITests.swift */,
				4DBC0D7127AFEA8B00E3FF96 /* AtsTestUITestsLaunchTests.swift */,
			);
			path = AtsTestUITests;
			sourceTree = "<group>";
		};
/* End PBXGroup section */

/* Begin PBXNativeTarget section */
		4DBC0D4A27AFEA8900E3FF96 /* AtsTest */ = {
			isa = PBXNativeTarget;
			buildConfigurationList = 4DBC0D7527AFEA8B00E3FF96 /* Build configuration list for PBXNativeTarget "AtsTest" */;
			buildPhases = (
				4DBC0D4727AFEA8900E3FF96 /* Sources */,
				4DBC0D4827AFEA8900E3FF96 /* Frameworks */,
				4DBC0D4927AFEA8900E3FF96 /* Resources */,
			);
			buildRules = (
			);
			dependencies = (
			);
			name = AtsTest;
			productName = AtsTest;
			productReference = 4DBC0D4B27AFEA8900E3FF96 /* AtsTest.app */;
			productType = "com.apple.product-type.application";
		};
		4DBC0D6027AFEA8B00E3FF96 /* AtsTestTests */ = {
			isa = PBXNativeTarget;
			buildConfigurationList = 4DBC0D7827AFEA8B00E3FF96 /* Build configuration list for PBXNativeTarget "AtsTestTests" */;
			buildPhases = (
				4DBC0D5D27AFEA8B00E3FF96 /* Sources */,
				4DBC0D5E27AFEA8B00E3FF96 /* Frameworks */,
				4DBC0D5F27AFEA8B00E3FF96 /* Resources */,
			);
			buildRules = (
			);
			dependencies = (
				4DBC0D6327AFEA8B00E3FF96 /* PBXTargetDependency */,
			);
			name = AtsTestTests;
			productName = AtsTestTests;
			productReference = 4DBC0D6127AFEA8B00E3FF96 /* AtsTestTests.xctest */;
			productType = "com.apple.product-type.bundle.unit-test";
		};
		4DBC0D6A27AFEA8B00E3FF96 /* AtsTestUITests */ = {
			isa = PBXNativeTarget;
			buildConfigurationList = 4DBC0D7B27AFEA8B00E3FF96 /* Build configuration list for PBXNativeTarget "AtsTestUITests" */;
			buildPhases = (
				4DBC0D6727AFEA8B00E3FF96 /* Sources */,
				4DBC0D6827AFEA8B00E3FF96 /* Frameworks */,
				4DBC0D6927AFEA8B00E3FF96 /* Resources */,
			);
			buildRules = (
			);
			dependencies = (
				4DBC0D6D27AFEA8B00E3FF96 /* PBXTargetDependency */,
			);
			name = AtsTestUITests;
			productName = AtsTestUITests;
			productReference = 4DBC0D6B27AFEA8B00E3FF96 /* AtsTestUITests.xctest */;
			productType = "com.apple.product-type.bundle.ui-testing";
		};
/* End PBXNativeTarget section */

/* Begin PBXProject section */
		4DBC0D4327AFEA8900E3FF96 /* Project object */ = {
			isa = PBXProject;
			attributes = {
				BuildIndependentTargetsInParallel = 1;
				LastSwiftUpdateCheck = 1320;
				LastUpgradeCheck = 1320;
				TargetAttributes = {
					4DBC0D4A27AFEA8900E3FF96 = {
						CreatedOnToolsVersion = 13.2.1;
					};
					4DBC0D6027AFEA8B00E3FF96 = {
						CreatedOnToolsVersion = 13.2.1;
						TestTargetID = 4DBC0D4A27AFEA8900E3FF96;
					};
					4DBC0D6A27AFEA8B00E3FF96 = {
						CreatedOnToolsVersion = 13.2.1;
						TestTargetID = 4DBC0D4A27AFEA8900E3FF96;
					};
				};
			};
			buildConfigurationList = 4DBC0D4627AFEA8900E3FF96 /* Build configuration list for PBXProject "AtsTest" */;
			compatibilityVersion = "Xcode 13.0";
			developmentRegion = en;
			hasScannedForEncodings = 0;
			knownRegions = (
				en,
				Base,
			);
			mainGroup = 4DBC0D4227AFEA8900E3FF96;
			productRefGroup = 4DBC0D4C27AFEA8900E3FF96 /* Products */;
			projectDirPath = "";
			projectRoot = "";
			targets = (
				4DBC0D4A27AFEA8900E3FF96 /* AtsTest */,
				4DBC0D6027AFEA8B00E3FF96 /* AtsTestTests */,
				4DBC0D6A27AFEA8B00E3FF96 /* AtsTestUITests */,
			);
		};
/* End PBXProject section */

/* Begin PBXResourcesBuildPhase section */
		4DBC0D4927AFEA8900E3FF96 /* Resources */ = {
			isa = PBXResourcesBuildPhase;
			buildActionMask = 2147483647;
			files = (
				4DBC0D5B27AFEA8B00E3FF96 /* LaunchScreen.storyboard in Resources */,
				4DBC0D5827AFEA8B00E3FF96 /* Assets.xcassets in Resources */,
				4DBC0D5627AFEA8900E3FF96 /* Main.storyboard in Resources */,
			);
			runOnlyForDeploymentPostprocessing = 0;
		};
		4DBC0D5F27AFEA8B00E3FF96 /* Resources */ = {
			isa = PBXResourcesBuildPhase;
			buildActionMask = 2147483647;
			files = (
			);
			runOnlyForDeploymentPostprocessing = 0;
		};
		4DBC0D6927AFEA8B00E3FF96 /* Resources */ = {
			isa = PBXResourcesBuildPhase;
			buildActionMask = 2147483647;
			files = (
			);
			runOnlyForDeploymentPostprocessing = 0;
		};
/* End PBXResourcesBuildPhase section */

/* Begin PBXSourcesBuildPhase section */
		4DBC0D4727AFEA8900E3FF96 /* Sources */ = {
			isa = PBXSourcesBuildPhase;
			buildActionMask = 2147483647;
			files = (
				4DBC0D5327AFEA8900E3FF96 /* ViewController.swift in Sources */,
				4DBC0D4F27AFEA8900E3FF96 /* AppDelegate.swift in Sources */,
				4DBC0D5127AFEA8900E3FF96 /* SceneDelegate.swift in Sources */,
			);
			runOnlyForDeploymentPostprocessing = 0;
		};
		4DBC0D5D27AFEA8B00E3FF96 /* Sources */ = {
			isa = PBXSourcesBuildPhase;
			buildActionMask = 2147483647;
			files = (
				4DBC0D6627AFEA8B00E3FF96 /* AtsTestTests.swift in Sources */,
			);
			runOnlyForDeploymentPostprocessing = 0;
		};
		4DBC0D6727AFEA8B00E3FF96 /* Sources */ = {
			isa = PBXSourcesBuildPhase;
			buildActionMask = 2147483647;
			files = (
				4DBC0D7027AFEA8B00E3FF96 /* AtsTestUITests.swift in Sources */,
				4DBC0D7227AFEA8B00E3FF96 /* AtsTestUITestsLaunchTests.swift in Sources */,
			);
			runOnlyForDeploymentPostprocessing = 0;
		};
/* End PBXSourcesBuildPhase section */

/* Begin PBXTargetDependency section */
		4DBC0D6327AFEA8B00E3FF96 /* PBXTargetDependency */ = {
			isa = PBXTargetDependency;
			target = 4DBC0D4A27AFEA8900E3FF96 /* AtsTest */;
			targetProxy = 4DBC0D6227AFEA8B00E3FF96 /* PBXContainerItemProxy */;
		};
		4DBC0D6D27AFEA8B00E3FF96 /* PBXTargetDependency */ = {
			isa = PBXTargetDependency;
			target = 4DBC0D4A27AFEA8900E3FF96 /* AtsTest */;
			targetProxy = 4DBC0D6C27AFEA8B00E3FF96 /* PBXContainerItemProxy */;
		};
/* End PBXTargetDependency section */

/* Begin PBXVariantGroup section */
		4DBC0D5427AFEA8900E3FF96 /* Main.storyboard */ = {
			isa = PBXVariantGroup;
			children = (
				4DBC0D5527AFEA8900E3FF96 /* Base */,
			);
			name = Main.storyboard;
			sourceTree = "<group>";
		};
		4DBC0D5927AFEA8B00E3FF96 /* LaunchScreen.storyboard */ = {
			isa = PBXVariantGroup;
			children = (
				4DBC0D5A27AFEA8B00E3FF96 /* Base */,
			);
			name = LaunchScreen.storyboard;
			sourceTree = "<group>";
		};
/* End PBXVariantGroup section */

/* Begin XCBuildConfiguration section */
		4DBC0D7327AFEA8B00E3FF96 /* Debug */ = {
			isa = XCBuildConfiguration;
			buildSettings = {
				ALWAYS_SEARCH_USER_PATHS = NO;
				CLANG_ANALYZER_NONNULL = YES;
				CLANG_ANALYZER_NUMBER_OBJECT_CONVERSION = YES_AGGRESSIVE;
				CLANG_CXX_LANGUAGE_STANDARD = "gnu++17";
				CLANG_CXX_LIBRARY = "libc++";
				CLANG_ENABLE_MODULES = YES;
				CLANG_ENABLE_OBJC_ARC = YES;
				CLANG_ENABLE_OBJC_WEAK = YES;
				CLANG_WARN_BLOCK_CAPTURE_AUTORELEASING = YES;
				CLANG_WARN_BOOL_CONVERSION = YES;
				CLANG_WARN_COMMA = YES;
				CLANG_WARN_CONSTANT_CONVERSION = YES;
				CLANG_WARN_DEPRECATED_OBJC_IMPLEMENTATIONS = YES;
				CLANG_WARN_DIRECT_OBJC_ISA_USAGE = YES_ERROR;
				CLANG_WARN_DOCUMENTATION_COMMENTS = YES;
				CLANG_WARN_EMPTY_BODY = YES;
				CLANG_WARN_ENUM_CONVERSION = YES;
				CLANG_WARN_INFINITE_RECURSION = YES;
				CLANG_WARN_INT_CONVERSION = YES;
				CLANG_WARN_NON_LITERAL_NULL_CONVERSION = YES;
				CLANG_WARN_OBJC_IMPLICIT_RETAIN_SELF = YES;
				CLANG_WARN_OBJC_LITERAL_CONVERSION = YES;
				CLANG_WARN_OBJC_ROOT_CLASS = YES_ERROR;
				CLANG_WARN_QUOTED_INCLUDE_IN_FRAMEWORK_HEADER = YES;
				CLANG_WARN_RANGE_LOOP_ANALYSIS = YES;
				CLANG_WARN_STRICT_PROTOTYPES = YES;
				CLANG_WARN_SUSPICIOUS_MOVE = YES;
				CLANG_WARN_UNGUARDED_AVAILABILITY = YES_AGGRESSIVE;
				CLANG_WARN_UNREACHABLE_CODE = YES;
				CLANG_WARN__DUPLICATE_METHOD_MATCH = YES;
				COPY_PHASE_STRIP = NO;
				DEBUG_INFORMATION_FORMAT = dwarf;
				ENABLE_STRICT_OBJC_MSGSEND = YES;
				ENABLE_TESTABILITY = YES;
				GCC_C_LANGUAGE_STANDARD = gnu11;
				GCC_DYNAMIC_NO_PIC = NO;
				GCC_NO_COMMON_BLOCKS = YES;
				GCC_OPTIMIZATION_LEVEL = 0;
				GCC_PREPROCESSOR_DEFINITIONS = (
					"DEBUG=1",
					"$(inherited)",
				);
				GCC_WARN_64_TO_32_BIT_CONVERSION = YES;
				GCC_WARN_ABOUT_RETURN_TYPE = YES_ERROR;
				GCC_WARN_UNDECLARED_SELECTOR = YES;
				GCC_WARN_UNINITIALIZED_AUTOS = YES_AGGRESSIVE;
				GCC_WARN_UNUSED_FUNCTION = YES;
				GCC_WARN_UNUSED_VARIABLE = YES;
				IPHONEOS_DEPLOYMENT_TARGET = 15.2;
				MTL_ENABLE_DEBUG_INFO = INCLUDE_SOURCE;
				MTL_FAST_MATH = YES;
				ONLY_ACTIVE_ARCH = YES;
				SDKROOT = iphoneos;
				SWIFT_ACTIVE_COMPILATION_CONDITIONS = DEBUG;
				SWIFT_OPTIMIZATION_LEVEL = "-Onone";
			};
			name = Debug;
		};
		4DBC0D7427AFEA8B00E3FF96 /* Release */ = {
			isa = XCBuildConfiguration;
			buildSettings = {
				ALWAYS_SEARCH_USER_PATHS = NO;
				CLANG_ANALYZER_NONNULL = YES;
				CLANG_ANALYZER_NUMBER_OBJECT_CONVERSION = YES_AGGRESSIVE;
				CLANG_CXX_LANGUAGE_STANDARD = "gnu++17";
				CLANG_CXX_LIBRARY = "libc++";
				CLANG_ENABLE_MODULES = YES;
				CLANG_ENABLE_OBJC_ARC = YES;
				CLANG_ENABLE_OBJC_WEAK = YES;
				CLANG_WARN_BLOCK_CAPTURE_AUTORELEASING = YES;
				CLANG_WARN_BOOL_CONVERSION = YES;
				CLANG_WARN_COMMA = YES;
				CLANG_WARN_CONSTANT_CONVERSION = YES;
				CLANG_WARN_DEPRECATED_OBJC_IMPLEMENTATIONS = YES;
				CLANG_WARN_DIRECT_OBJC_ISA_USAGE = YES_ERROR;
				CLANG_WARN_DOCUMENTATION_COMMENTS = YES;
				CLANG_WARN_EMPTY_BODY = YES;
				CLANG_WARN_ENUM_CONVERSION = YES;
				CLANG_WARN_INFINITE_RECURSION = YES;
				CLANG_WARN_INT_CONVERSION = YES;
				CLANG_WARN_NON_LITERAL_NULL_CONVERSION = YES;
				CLANG_WARN_OBJC_IMPLICIT_RETAIN_SELF = YES;
				CLANG_WARN_OBJC_LITERAL_CONVERSION = YES;
				CLANG_WARN_OBJC_ROOT_CLASS = YES_ERROR;
				CLANG_WARN_QUOTED_INCLUDE_IN_FRAMEWORK_HEADER = YES;
				CLANG_WARN_RANGE_LOOP_ANALYSIS = YES;
				CLANG_WARN_STRICT_PROTOTYPES = YES;
				CLANG_WARN_SUSPICIOUS_MOVE = YES;
				CLANG_WARN_UNGUARDED_AVAILABILITY = YES_AGGRESSIVE;
				CLANG_WARN_UNREACHABLE_CODE = YES;
				CLANG_WARN__DUPLICATE_METHOD_MATCH = YES;
				COPY_PHASE_STRIP = NO;
				DEBUG_INFORMATION_FORMAT = "dwarf-with-dsym";
				ENABLE_NS_ASSERTIONS = NO;
				ENABLE_STRICT_OBJC_MSGSEND = YES;
				GCC_C_LANGUAGE_STANDARD = gnu11;
				GCC_NO_COMMON_BLOCKS = YES;
				GCC_WARN_64_TO_32_BIT_CONVERSION = YES;
				GCC_WARN_ABOUT_RETURN_TYPE = YES_ERROR;
				GCC_WARN_UNDECLARED_SELECTOR = YES;
				GCC_WARN_UNINITIALIZED_AUTOS = YES_AGGRESSIVE;
				GCC_WARN_UNUSED_FUNCTION = YES;
				GCC_WARN_UNUSED_VARIABLE = YES;
				IPHONEOS_DEPLOYMENT_TARGET = 15.2;
				MTL_ENABLE_DEBUG_INFO = NO;
				MTL_FAST_MATH = YES;
				SDKROOT = iphoneos;
				SWIFT_COMPILATION_MODE = wholemodule;
				SWIFT_OPTIMIZATION_LEVEL = "-O";
				VALIDATE_PRODUCT = YES;
			};
			name = Release;
		};
		4DBC0D7627AFEA8B00E3FF96 /* Debug */ = {
			isa = XCBuildConfiguration;
			buildSettings = {
				ASSETCATALOG_COMPILER_APPICON_NAME = AppIcon;
				ASSETCATALOG_COMPILER_GLOBAL_ACCENT_COLOR_NAME = AccentColor;
				CODE_SIGN_STYLE = Automatic;
				CURRENT_PROJECT_VERSION = 1;
				DEVELOPMENT_TEAM = 7R6XW7PGX7;
				GENERATE_INFOPLIST_FILE = YES;
				INFOPLIST_FILE = AtsTest/Info.plist;
				INFOPLIST_KEY_UIApplicationSupportsIndirectInputEvents = YES;
				INFOPLIST_KEY_UILaunchStoryboardName = LaunchScreen;
				INFOPLIST_KEY_UIMainStoryboardFile = Main;
				INFOPLIST_KEY_UISupportedInterfaceOrientations_iPad = "UIInterfaceOrientationPortrait UIInterfaceOrientationPortraitUpsideDown UIInterfaceOrientationLandscapeLeft UIInterfaceOrientationLandscapeRight";
				INFOPLIST_KEY_UISupportedInterfaceOrientations_iPhone = "UIInterfaceOrientationPortrait UIInterfaceOrientationLandscapeLeft UIInterfaceOrientationLandscapeRight";
				IPHONEOS_DEPLOYMENT_TARGET = 14.5;
				LD_RUNPATH_SEARCH_PATHS = (
					"$(inherited)",
					"@executable_path/Frameworks",
				);
				MARKETING_VERSION = 1.0;
				PRODUCT_BUNDLE_IDENTIFIER = com.oktobyte.AtsTest;
				PRODUCT_NAME = "$(TARGET_NAME)";
				SWIFT_EMIT_LOC_STRINGS = YES;
				SWIFT_VERSION = 5.0;
				TARGETED_DEVICE_FAMILY = "1,2";
			};
			name = Debug;
		};
		4DBC0D7727AFEA8B00E3FF96 /* Release */ = {
			isa = XCBuildConfiguration;
			buildSettings = {
				ASSETCATALOG_COMPILER_APPICON_NAME = AppIcon;
				ASSETCATALOG_COMPILER_GLOBAL_ACCENT_COLOR_NAME = AccentColor;
				CODE_SIGN_STYLE = Automatic;
				CURRENT_PROJECT_VERSION = 1;
				DEVELOPMENT_TEAM = 7R6XW7PGX7;
				GENERATE_INFOPLIST_FILE = YES;
				INFOPLIST_FILE = AtsTest/Info.plist;
				INFOPLIST_KEY_UIApplicationSupportsIndirectInputEvents = YES;
				INFOPLIST_KEY_UILaunchStoryboardName = LaunchScreen;
				INFOPLIST_KEY_UIMainStoryboardFile = Main;
				INFOPLIST_KEY_UISupportedInterfaceOrientations_iPad = "UIInterfaceOrientationPortrait UIInterfaceOrientationPortraitUpsideDown UIInterfaceOrientationLandscapeLeft UIInterfaceOrientationLandscapeRight";
				INFOPLIST_KEY_UISupportedInterfaceOrientations_iPhone = "UIInterfaceOrientationPortrait UIInterfaceOrientationLandscapeLeft UIInterfaceOrientationLandscapeRight";
				IPHONEOS_DEPLOYMENT_TARGET = 14.5;
				LD_RUNPATH_SEARCH_PATHS = (
					"$(inherited)",
					"@executable_path/Frameworks",
				);
				MARKETING_VERSION = 1.0;
				PRODUCT_BUNDLE_IDENTIFIER = com.oktobyte.AtsTest;
				PRODUCT_NAME = "$(TARGET_NAME)";
				SWIFT_EMIT_LOC_STRINGS = YES;
				SWIFT_VERSION = 5.0;
				TARGETED_DEVICE_FAMILY = "1,2";
			};
			name = Release;
		};
		4DBC0D7927AFEA8B00E3FF96 /* Debug */ = {
			isa = XCBuildConfiguration;
			buildSettings = {
				ALWAYS_EMBED_SWIFT_STANDARD_LIBRARIES = YES;
				BUNDLE_LOADER = "$(TEST_HOST)";
				CODE_SIGN_STYLE = Automatic;
				CURRENT_PROJECT_VERSION = 1;
				DEVELOPMENT_TEAM = 7R6XW7PGX7;
				GENERATE_INFOPLIST_FILE = YES;
				IPHONEOS_DEPLOYMENT_TARGET = 15.2;
				MARKETING_VERSION = 1.0;
				PRODUCT_BUNDLE_IDENTIFIER = com.oktobyte.AtsTestTests;
				PRODUCT_NAME = "$(TARGET_NAME)";
				SWIFT_EMIT_LOC_STRINGS = NO;
				SWIFT_VERSION = 5.0;
				TARGETED_DEVICE_FAMILY = "1,2";
				TEST_HOST = "$(BUILT_PRODUCTS_DIR)/AtsTest.app/AtsTest";
			};
			name = Debug;
		};
		4DBC0D7A27AFEA8B00E3FF96 /* Release */ = {
			isa = XCBuildConfiguration;
			buildSettings = {
				ALWAYS_EMBED_SWIFT_STANDARD_LIBRARIES = YES;
				BUNDLE_LOADER = "$(TEST_HOST)";
				CODE_SIGN_STYLE = Automatic;
				CURRENT_PROJECT_VERSION = 1;
				DEVELOPMENT_TEAM = 7R6XW7PGX7;
				GENERATE_INFOPLIST_FILE = YES;
				IPHONEOS_DEPLOYMENT_TARGET = 15.2;
				MARKETING_VERSION = 1.0;
				PRODUCT_BUNDLE_IDENTIFIER = com.oktobyte.AtsTestTests;
				PRODUCT_NAME = "$(TARGET_NAME)";
				SWIFT_EMIT_LOC_STRINGS = NO;
				SWIFT_VERSION = 5.0;
				TARGETED_DEVICE_FAMILY = "1,2";
				TEST_HOST = "$(BUILT_PRODUCTS_DIR)/AtsTest.app/AtsTest";
			};
			name = Release;
		};
		4DBC0D7C27AFEA8B00E3FF96 /* Debug */ = {
			isa = XCBuildConfiguration;
			buildSettings = {
				ALWAYS_EMBED_SWIFT_STANDARD_LIBRARIES = YES;
				CODE_SIGN_STYLE = Automatic;
				CURRENT_PROJECT_VERSION = 1;
				DEVELOPMENT_TEAM = 7R6XW7PGX7;
				GENERATE_INFOPLIST_FILE = YES;
				MARKETING_VERSION = 1.0;
				PRODUCT_BUNDLE_IDENTIFIER = com.oktobyte.AtsTestUITests;
				PRODUCT_NAME = "$(TARGET_NAME)";
				SWIFT_EMIT_LOC_STRINGS = NO;
				SWIFT_VERSION = 5.0;
				TARGETED_DEVICE_FAMILY = "1,2";
				TEST_TARGET_NAME = AtsTest;
			};
			name = Debug;
		};
		4DBC0D7D27AFEA8B00E3FF96 /* Release */ = {
			isa = XCBuildConfiguration;
			buildSettings = {
				ALWAYS_EMBED_SWIFT_STANDARD_LIBRARIES = YES;
				CODE_SIGN_STYLE = Automatic;
				CURRENT_PROJECT_VERSION = 1;
				DEVELOPMENT_TEAM = 7R6XW7PGX7;
				GENERATE_INFOPLIST_FILE = YES;
				MARKETING_VERSION = 1.0;
				PRODUCT_BUNDLE_IDENTIFIER = com.oktobyte.AtsTestUITests;
				PRODUCT_NAME = "$(TARGET_NAME)";
				SWIFT_EMIT_LOC_STRINGS = NO;
				SWIFT_VERSION = 5.0;
				TARGETED_DEVICE_FAMILY = "1,2";
				TEST_TARGET_NAME = AtsTest;
			};
			name = Release;
		};
/* End XCBuildConfiguration section */

/* Begin XCConfigurationList section */
		4DBC0D4627AFEA8900E3FF96 /* Build configuration list for PBXProject "AtsTest" */ = {
			isa = XCConfigurationList;
			buildConfigurations = (
				4DBC0D7327AFEA8B00E3FF96 /* Debug */,
				4DBC0D7427AFEA8B00E3FF96 /* Release */,
			);
			defaultConfigurationIsVisible = 0;
			defaultConfigurationName = Release;
		};
		4DBC0D7527AFEA8B00E3FF96 /* Build configuration list for PBXNativeTarget "AtsTest" */ = {
			isa = XCConfigurationList;
			buildConfigurations = (
				4DBC0D7627AFEA8B00E3FF96 /* Debug */,
				4DBC0D7727AFEA8B00E3FF96 /* Release */,
			);
			defaultConfigurationIsVisible = 0;
			defaultConfigurationName = Release;
		};
		4DBC0D7827AFEA8B00E3FF96 /* Build configuration list for PBXNativeTarget "AtsTestTests" */ = {
			isa = XCConfigurationList;
			buildConfigurations = (
				4DBC0D7927AFEA8B00E3FF96 /* Debug */,
				4DBC0D7A27AFEA8B00E3FF96 /* Release */,
			);
			defaultConfigurationIsVisible = 0;
			defaultConfigurationName = Release;
		};
		4DBC0D7B27AFEA8B00E3FF96 /* Build configuration list for PBXNativeTarget "AtsTestUITests" */ = {
			isa = XCConfigurationList;
			buildConfigurations = (
				4DBC0D7C27AFEA8B00E3FF96 /* Debug */,
				4DBC0D7D27AFEA8B00E3FF96 /* Release */,
			);
			defaultConfigurationIsVisible = 0;
			defaultConfigurationName = Release;
		};
/* End XCConfigurationList section */
	};
	rootObject = 4DBC0D4327AFEA8900E3FF96 /* Project object */;
}
